
Microsoft Visual Studio Solution File, Format Version 12.00
# Visual Studio 2013
VisualStudioVersion = 12.0.31101.0
MinimumVisualStudioVersion = 10.0.40219.1
Project("{FAE04EC0-301F-11D3-BF4B-00C04F79EFBC}") = "webSegura", "webSegura\webSegura.csproj", "{08E22BFD-E345-4790-9F04-0E4F81E30EC8}"
EndProject
Project("{6141683F-8A12-4E36-9623-2EB02B2C2303}") = "AbdulesExe", "AbdulesExe\AbdulesExe.isproj", "{FD071681-E669-4EC7-8C5D-E77E54A9D50D}"
EndProject
Global
	GlobalSection(SolutionConfigurationPlatforms) = preSolution
		CD_ROM|Any CPU = CD_ROM|Any CPU
		Debug|Any CPU = Debug|Any CPU
		DVD-5|Any CPU = DVD-5|Any CPU
		Release|Any CPU = Release|Any CPU
		SingleImage|Any CPU = SingleImage|Any CPU
	EndGlobalSection
	GlobalSection(ProjectConfigurationPlatforms) = postSolution
		{08E22BFD-E345-4790-9F04-0E4F81E30EC8}.CD_ROM|Any CPU.ActiveCfg = Release|Any CPU
		{08E22BFD-E345-4790-9F04-0E4F81E30EC8}.CD_ROM|Any CPU.Build.0 = Release|Any CPU
		{08E22BFD-E345-4790-9F04-0E4F81E30EC8}.Debug|Any CPU.ActiveCfg = Debug|Any CPU
		{08E22BFD-E345-4790-9F04-0E4F81E30EC8}.Debug|Any CPU.Build.0 = Debug|Any CPU
		{08E22BFD-E345-4790-9F04-0E4F81E30EC8}.DVD-5|Any CPU.ActiveCfg = Debug|Any CPU
		{08E22BFD-E345-4790-9F04-0E4F81E30EC8}.DVD-5|Any CPU.Build.0 = Debug|Any CPU
		{08E22BFD-E345-4790-9F04-0E4F81E30EC8}.Release|Any CPU.ActiveCfg = Release|Any CPU
		{08E22BFD-E345-4790-9F04-0E4F81E30EC8}.Release|Any CPU.Build.0 = Release|Any CPU
		{08E22BFD-E345-4790-9F04-0E4F81E30EC8}.SingleImage|Any CPU.ActiveCfg = Release|Any CPU
		{08E22BFD-E345-4790-9F04-0E4F81E30EC8}.SingleImage|Any CPU.Build.0 = Release|Any CPU
		{FD071681-E669-4EC7-8C5D-E77E54A9D50D}.CD_ROM|Any CPU.ActiveCfg = CD_ROM
		{FD071681-E669-4EC7-8C5D-E77E54A9D50D}.CD_ROM|Any CPU.Build.0 = CD_ROM
		{FD071681-E669-4EC7-8C5D-E77E54A9D50D}.Debug|Any CPU.ActiveCfg = DVD-5
		{FD071681-E669-4EC7-8C5D-E77E54A9D50D}.Debug|Any CPU.Build.0 = DVD-5
		{FD071681-E669-4EC7-8C5D-E77E54A9D50D}.DVD-5|Any CPU.ActiveCfg = DVD-5
		{FD071681-E669-4EC7-8C5D-E77E54A9D50D}.DVD-5|Any CPU.Build.0 = DVD-5
		{FD071681-E669-4EC7-8C5D-E77E54A9D50D}.Release|Any CPU.ActiveCfg = SingleImage
		{FD071681-E669-4EC7-8C5D-E77E54A9D50D}.Release|Any CPU.Build.0 = SingleImage
		{FD071681-E669-4EC7-8C5D-E77E54A9D50D}.SingleImage|Any CPU.ActiveCfg = SingleImage
		{FD071681-E669-4EC7-8C5D-E77E54A9D50D}.SingleImage|Any CPU.Build.0 = SingleImage
	EndGlobalSection
	GlobalSection(SolutionProperties) = preSolution
		HideSolutionNode = FALSE
	EndGlobalSection
EndGlobal
